
Microsoft Visual Studio Solution File, Format Version 12.00
# Visual Studio Version 16
VisualStudioVersion = 16.0.29911.84
MinimumVisualStudioVersion = 10.0.40219.1
Project("{FAE04EC0-301F-11D3-BF4B-00C04F79EFBC}") = "print_args", "print_args\print_args.csproj", "{A31D9F81-813C-4C3C-A79D-9E5B0210C61D}"
EndProject
Global
	GlobalSection(SolutionConfigurationPlatforms) = preSolution
		Debug|Any CPU = Debug|Any CPU
		Release|Any CPU = Release|Any CPU
	EndGlobalSection
	GlobalSection(ProjectConfigurationPlatforms) = postSolution
		{A31D9F81-813C-4C3C-A79D-9E5B0210C61D}.Debug|Any CPU.ActiveCfg = Debug|Any CPU
		{A31D9F81-813C-4C3C-A79D-9E5B0210C61D}.Debug|Any CPU.Build.0 = Debug|Any CPU
		{A31D9F81-813C-4C3C-A79D-9E5B0210C61D}.Release|Any CPU.ActiveCfg = Release|Any CPU
		{A31D9F81-813C-4C3C-A79D-9E5B0210C61D}.Release|Any CPU.Build.0 = Release|Any CPU
	EndGlobalSection
	GlobalSection(SolutionProperties) = preSolution
		HideSolutionNode = FALSE
	EndGlobalSection
	GlobalSection(ExtensibilityGlobals) = postSolution
		SolutionGuid = {4A032756-12D6-4016-97CC-F4A219E8EB98}
	EndGlobalSection
EndGlobal
