
Microsoft Visual Studio Solution File, Format Version 12.00
# Visual Studio Version 16
VisualStudioVersion = 16.0.30002.166
MinimumVisualStudioVersion = 10.0.40219.1
Project("{9A19103F-16F7-4668-BE54-9A1E7A4F7556}") = "PasswordStrength", "PasswordStrength\PasswordStrength.csproj", "{0E65D14B-916A-473C-954C-285C1CA561A0}"
EndProject
Project("{FAE04EC0-301F-11D3-BF4B-00C04F79EFBC}") = "PasswordStrengthTests", "PasswordStrengthTests\PasswordStrengthTests.csproj", "{71C82012-6292-4BA0-8595-5D7B32C49939}"
EndProject
Global
	GlobalSection(SolutionConfigurationPlatforms) = preSolution
		Debug|Any CPU = Debug|Any CPU
		Release|Any CPU = Release|Any CPU
	EndGlobalSection
	GlobalSection(ProjectConfigurationPlatforms) = postSolution
		{0E65D14B-916A-473C-954C-285C1CA561A0}.Debug|Any CPU.ActiveCfg = Debug|Any CPU
		{0E65D14B-916A-473C-954C-285C1CA561A0}.Debug|Any CPU.Build.0 = Debug|Any CPU
		{0E65D14B-916A-473C-954C-285C1CA561A0}.Release|Any CPU.ActiveCfg = Release|Any CPU
		{0E65D14B-916A-473C-954C-285C1CA561A0}.Release|Any CPU.Build.0 = Release|Any CPU
		{71C82012-6292-4BA0-8595-5D7B32C49939}.Debug|Any CPU.ActiveCfg = Debug|Any CPU
		{71C82012-6292-4BA0-8595-5D7B32C49939}.Debug|Any CPU.Build.0 = Debug|Any CPU
		{71C82012-6292-4BA0-8595-5D7B32C49939}.Release|Any CPU.ActiveCfg = Release|Any CPU
		{71C82012-6292-4BA0-8595-5D7B32C49939}.Release|Any CPU.Build.0 = Release|Any CPU
	EndGlobalSection
	GlobalSection(SolutionProperties) = preSolution
		HideSolutionNode = FALSE
	EndGlobalSection
	GlobalSection(ExtensibilityGlobals) = postSolution
		SolutionGuid = {2864FDB4-18B5-48FD-9FA6-FD69770DF2B9}
	EndGlobalSection
EndGlobal
