
Microsoft Visual Studio Solution File, Format Version 12.00
# Visual Studio Version 16
VisualStudioVersion = 16.0.30002.166
MinimumVisualStudioVersion = 10.0.40219.1
Project("{9A19103F-16F7-4668-BE54-9A1E7A4F7556}") = "RemoveExtraBlanks", "RemoveExtraBlanks\RemoveExtraBlanks.csproj", "{B74BB9C4-0452-4D0D-B3CA-A51516B85033}"
EndProject
Project("{FAE04EC0-301F-11D3-BF4B-00C04F79EFBC}") = "RemoveExtraBlanksTest", "RemoveExtraBlanksTest\RemoveExtraBlanksTest.csproj", "{0F8548F0-6476-4D31-9E8C-BDCABA85029E}"
EndProject
Global
	GlobalSection(SolutionConfigurationPlatforms) = preSolution
		Debug|Any CPU = Debug|Any CPU
		Release|Any CPU = Release|Any CPU
	EndGlobalSection
	GlobalSection(ProjectConfigurationPlatforms) = postSolution
		{B74BB9C4-0452-4D0D-B3CA-A51516B85033}.Debug|Any CPU.ActiveCfg = Debug|Any CPU
		{B74BB9C4-0452-4D0D-B3CA-A51516B85033}.Debug|Any CPU.Build.0 = Debug|Any CPU
		{B74BB9C4-0452-4D0D-B3CA-A51516B85033}.Release|Any CPU.ActiveCfg = Release|Any CPU
		{B74BB9C4-0452-4D0D-B3CA-A51516B85033}.Release|Any CPU.Build.0 = Release|Any CPU
		{0F8548F0-6476-4D31-9E8C-BDCABA85029E}.Debug|Any CPU.ActiveCfg = Debug|Any CPU
		{0F8548F0-6476-4D31-9E8C-BDCABA85029E}.Debug|Any CPU.Build.0 = Debug|Any CPU
		{0F8548F0-6476-4D31-9E8C-BDCABA85029E}.Release|Any CPU.ActiveCfg = Release|Any CPU
		{0F8548F0-6476-4D31-9E8C-BDCABA85029E}.Release|Any CPU.Build.0 = Release|Any CPU
	EndGlobalSection
	GlobalSection(SolutionProperties) = preSolution
		HideSolutionNode = FALSE
	EndGlobalSection
	GlobalSection(ExtensibilityGlobals) = postSolution
		SolutionGuid = {E41625CA-9618-4BD7-92E3-D325B99C8107}
	EndGlobalSection
EndGlobal
